// !$*UTF8*$!
{
	archiveVersion = 1;
	classes = {
	};
	objectVersion = 50;
	objects = {

/* Begin PBXBuildFile section */
		7D42941E221D3FEE00291794 /* PorscheCoffee.mlmodel in Sources */ = {isa = PBXBuildFile; fileRef = 7D42941D221D3FEE00291794 /* PorscheCoffee.mlmodel */; };
		7D429426221D523A00291794 /* CoffeePorscheClass.mlmodel in Sources */ = {isa = PBXBuildFile; fileRef = 7D429425221D523900291794 /* CoffeePorscheClass.mlmodel */; };
		7D429428221D7DBE00291794 /* opencv2.framework in Frameworks */ = {isa = PBXBuildFile; fileRef = 7D429427221D7DBD00291794 /* opencv2.framework */; };
		7D42942A221D7E0D00291794 /* AssetsLibrary.framework in Frameworks */ = {isa = PBXBuildFile; fileRef = 7D429429221D7E0D00291794 /* AssetsLibrary.framework */; };
		7D429432221D7E2B00291794 /* Accelerate.framework in Frameworks */ = {isa = PBXBuildFile; fileRef = 7D429431221D7E2B00291794 /* Accelerate.framework */; };
		7D429434221D7E3900291794 /* UIKit.framework in Frameworks */ = {isa = PBXBuildFile; fileRef = 7D429433221D7E3900291794 /* UIKit.framework */; };
		7D429436221D7E4D00291794 /* Foundation.framework in Frameworks */ = {isa = PBXBuildFile; fileRef = 7D429435221D7E4D00291794 /* Foundation.framework */; };
		7D429438221D7E5B00291794 /* CoreImage.framework in Frameworks */ = {isa = PBXBuildFile; fileRef = 7D429437221D7E5B00291794 /* CoreImage.framework */; };
		7D42943E221D7F4300291794 /* OpenCVWrapper.mm in Sources */ = {isa = PBXBuildFile; fileRef = 7D42943D221D7F4300291794 /* OpenCVWrapper.mm */; };
		7D429443221D806000291794 /* opencv2.framework in Frameworks */ = {isa = PBXBuildFile; fileRef = 7D429442221D806000291794 /* opencv2.framework */; };
		7D429445221D894600291794 /* TODOfile.txt in Resources */ = {isa = PBXBuildFile; fileRef = 7D429444221D894600291794 /* TODOfile.txt */; };
		7D93EA23221C1ED600547DD4 /* AppleDocsCameraViewController.swift in Sources */ = {isa = PBXBuildFile; fileRef = 7D93EA22221C1ED600547DD4 /* AppleDocsCameraViewController.swift */; };
		7DCEFC712212FAEC00F59A37 /* AppDelegate.swift in Sources */ = {isa = PBXBuildFile; fileRef = 7DCEFC702212FAEC00F59A37 /* AppDelegate.swift */; };
		7DCEFC732212FAEC00F59A37 /* ViewController.swift in Sources */ = {isa = PBXBuildFile; fileRef = 7DCEFC722212FAEC00F59A37 /* ViewController.swift */; };
		7DCEFC762212FAEC00F59A37 /* Main.storyboard in Resources */ = {isa = PBXBuildFile; fileRef = 7DCEFC742212FAEC00F59A37 /* Main.storyboard */; };
		7DCEFC792212FAEC00F59A37 /* CustomVisionProject.xcdatamodeld in Sources */ = {isa = PBXBuildFile; fileRef = 7DCEFC772212FAEC00F59A37 /* CustomVisionProject.xcdatamodeld */; };
		7DCEFC7B2212FAEF00F59A37 /* Assets.xcassets in Resources */ = {isa = PBXBuildFile; fileRef = 7DCEFC7A2212FAEF00F59A37 /* Assets.xcassets */; };
		7DCEFC7E2212FAEF00F59A37 /* LaunchScreen.storyboard in Resources */ = {isa = PBXBuildFile; fileRef = 7DCEFC7C2212FAEF00F59A37 /* LaunchScreen.storyboard */; };
		7DCEFC892212FAEF00F59A37 /* CustomVisionProjectTests.swift in Sources */ = {isa = PBXBuildFile; fileRef = 7DCEFC882212FAEF00F59A37 /* CustomVisionProjectTests.swift */; };
		7DCEFC942212FAEF00F59A37 /* CustomVisionProjectUITests.swift in Sources */ = {isa = PBXBuildFile; fileRef = 7DCEFC932212FAEF00F59A37 /* CustomVisionProjectUITests.swift */; };
		7DCEFCA82212FD6F00F59A37 /* CameraViewController.swift in Sources */ = {isa = PBXBuildFile; fileRef = 7DCEFCA72212FD6F00F59A37 /* CameraViewController.swift */; };
		7DCEFCAE2212FFFC00F59A37 /* ImageData.swift in Sources */ = {isa = PBXBuildFile; fileRef = 7DCEFCAD2212FFFC00F59A37 /* ImageData.swift */; };
		7DCEFCB32213002C00F59A37 /* ImageDisplayCollectionViewCell.swift in Sources */ = {isa = PBXBuildFile; fileRef = 7DCEFCAF2213002B00F59A37 /* ImageDisplayCollectionViewCell.swift */; };
		7DCEFCB42213002C00F59A37 /* ImageFullDisplayCollectionViewCell.swift in Sources */ = {isa = PBXBuildFile; fileRef = 7DCEFCB02213002B00F59A37 /* ImageFullDisplayCollectionViewCell.swift */; };
		7DCEFCB52213002C00F59A37 /* ImageFullDisplayCollectionViewCell.xib in Resources */ = {isa = PBXBuildFile; fileRef = 7DCEFCB12213002B00F59A37 /* ImageFullDisplayCollectionViewCell.xib */; };
		7DCEFCB62213002C00F59A37 /* ImageDisplayCollectionViewCell.xib in Resources */ = {isa = PBXBuildFile; fileRef = 7DCEFCB22213002C00F59A37 /* ImageDisplayCollectionViewCell.xib */; };
		7DCEFCBA2213045C00F59A37 /* ImageProcessingViewController.swift in Sources */ = {isa = PBXBuildFile; fileRef = 7DCEFCB92213045C00F59A37 /* ImageProcessingViewController.swift */; };
		7DCEFCC722132AAA00F59A37 /* predict.py in Resources */ = {isa = PBXBuildFile; fileRef = 7DCEFCC322132AAA00F59A37 /* predict.py */; };
		7DCEFCC822132AAA00F59A37 /* object_detection.py in Resources */ = {isa = PBXBuildFile; fileRef = 7DCEFCC422132AAA00F59A37 /* object_detection.py */; };
		7DCEFCC922132AAA00F59A37 /* labels.txt in Resources */ = {isa = PBXBuildFile; fileRef = 7DCEFCC522132AAA00F59A37 /* labels.txt */; };
		7DCEFCCA22132AAA00F59A37 /* keyboardDetection.mlmodel in Sources */ = {isa = PBXBuildFile; fileRef = 7DCEFCC622132AAA00F59A37 /* keyboardDetection.mlmodel */; };
		8996098B64BFF1266135999D /* Pods_CustomVisionProject.framework in Frameworks */ = {isa = PBXBuildFile; fileRef = 103ECFB2125195216ED93517 /* Pods_CustomVisionProject.framework */; };
		EF32078907569E52BC2026EE /* Pods_CustomVisionProjectTests.framework in Frameworks */ = {isa = PBXBuildFile; fileRef = B14875C9B054AFF1489D2EEC /* Pods_CustomVisionProjectTests.framework */; };
		F8B98EFF9786E7C199214334 /* Pods_CustomVisionProjectUITests.framework in Frameworks */ = {isa = PBXBuildFile; fileRef = 50B17A82E9E2464828D1A6AA /* Pods_CustomVisionProjectUITests.framework */; };
/* End PBXBuildFile section */

/* Begin PBXContainerItemProxy section */
		7DCEFC852212FAEF00F59A37 /* PBXContainerItemProxy */ = {
			isa = PBXContainerItemProxy;
			containerPortal = 7DCEFC652212FAEC00F59A37 /* Project object */;
			proxyType = 1;
			remoteGlobalIDString = 7DCEFC6C2212FAEC00F59A37;
			remoteInfo = CustomVisionProject;
		};
		7DCEFC902212FAEF00F59A37 /* PBXContainerItemProxy */ = {
			isa = PBXContainerItemProxy;
			containerPortal = 7DCEFC652212FAEC00F59A37 /* Project object */;
			proxyType = 1;
			remoteGlobalIDString = 7DCEFC6C2212FAEC00F59A37;
			remoteInfo = CustomVisionProject;
		};
/* End PBXContainerItemProxy section */

/* Begin PBXFileReference section */
		103ECFB2125195216ED93517 /* Pods_CustomVisionProject.framework */ = {isa = PBXFileReference; explicitFileType = wrapper.framework; includeInIndex = 0; path = Pods_CustomVisionProject.framework; sourceTree = BUILT_PRODUCTS_DIR; };
		2DA1AE70026249035E8552FF /* Pods-CustomVisionProject.release.xcconfig */ = {isa = PBXFileReference; includeInIndex = 1; lastKnownFileType = text.xcconfig; name = "Pods-CustomVisionProject.release.xcconfig"; path = "Pods/Target Support Files/Pods-CustomVisionProject/Pods-CustomVisionProject.release.xcconfig"; sourceTree = "<group>"; };
		342EFA8B023EA0A7B4DBAA91 /* Pods-CustomVisionProjectTests.debug.xcconfig */ = {isa = PBXFileReference; includeInIndex = 1; lastKnownFileType = text.xcconfig; name = "Pods-CustomVisionProjectTests.debug.xcconfig"; path = "Pods/Target Support Files/Pods-CustomVisionProjectTests/Pods-CustomVisionProjectTests.debug.xcconfig"; sourceTree = "<group>"; };
		50B17A82E9E2464828D1A6AA /* Pods_CustomVisionProjectUITests.framework */ = {isa = PBXFileReference; explicitFileType = wrapper.framework; includeInIndex = 0; path = Pods_CustomVisionProjectUITests.framework; sourceTree = BUILT_PRODUCTS_DIR; };
		7D42941D221D3FEE00291794 /* PorscheCoffee.mlmodel */ = {isa = PBXFileReference; lastKnownFileType = file.mlmodel; path = PorscheCoffee.mlmodel; sourceTree = "<group>"; };
		7D429425221D523900291794 /* CoffeePorscheClass.mlmodel */ = {isa = PBXFileReference; lastKnownFileType = file.mlmodel; path = CoffeePorscheClass.mlmodel; sourceTree = "<group>"; };
		7D429427221D7DBD00291794 /* opencv2.framework */ = {isa = PBXFileReference; lastKnownFileType = wrapper.framework; name = opencv2.framework; path = ../../opencv2.framework; sourceTree = "<group>"; };
		7D429429221D7E0D00291794 /* AssetsLibrary.framework */ = {isa = PBXFileReference; lastKnownFileType = wrapper.framework; name = AssetsLibrary.framework; path = System/Library/Frameworks/AssetsLibrary.framework; sourceTree = SDKROOT; };
		7D42942B221D7E1400291794 /* CoreGraphics.framework */ = {isa = PBXFileReference; lastKnownFileType = wrapper.framework; name = CoreGraphics.framework; path = System/Library/Frameworks/CoreGraphics.framework; sourceTree = SDKROOT; };
		7D42942D221D7E1B00291794 /* CoreMedia.framework */ = {isa = PBXFileReference; lastKnownFileType = wrapper.framework; name = CoreMedia.framework; path = System/Library/Frameworks/CoreMedia.framework; sourceTree = SDKROOT; };
		7D42942F221D7E2400291794 /* CoreFoundation.framework */ = {isa = PBXFileReference; lastKnownFileType = wrapper.framework; name = CoreFoundation.framework; path = System/Library/Frameworks/CoreFoundation.framework; sourceTree = SDKROOT; };
		7D429431221D7E2B00291794 /* Accelerate.framework */ = {isa = PBXFileReference; lastKnownFileType = wrapper.framework; name = Accelerate.framework; path = System/Library/Frameworks/Accelerate.framework; sourceTree = SDKROOT; };
		7D429433221D7E3900291794 /* UIKit.framework */ = {isa = PBXFileReference; lastKnownFileType = wrapper.framework; name = UIKit.framework; path = System/Library/Frameworks/UIKit.framework; sourceTree = SDKROOT; };
		7D429435221D7E4D00291794 /* Foundation.framework */ = {isa = PBXFileReference; lastKnownFileType = wrapper.framework; name = Foundation.framework; path = System/Library/Frameworks/Foundation.framework; sourceTree = SDKROOT; };
		7D429437221D7E5B00291794 /* CoreImage.framework */ = {isa = PBXFileReference; lastKnownFileType = wrapper.framework; name = CoreImage.framework; path = System/Library/Frameworks/CoreImage.framework; sourceTree = SDKROOT; };
		7D42943B221D7F4200291794 /* CustomVisionProject-Bridging-Header.h */ = {isa = PBXFileReference; lastKnownFileType = sourcecode.c.h; path = "CustomVisionProject-Bridging-Header.h"; sourceTree = "<group>"; };
		7D42943C221D7F4300291794 /* OpenCVWrapper.h */ = {isa = PBXFileReference; lastKnownFileType = sourcecode.c.h; path = OpenCVWrapper.h; sourceTree = "<group>"; };
		7D42943D221D7F4300291794 /* OpenCVWrapper.mm */ = {isa = PBXFileReference; lastKnownFileType = sourcecode.cpp.objcpp; path = OpenCVWrapper.mm; sourceTree = "<group>"; };
		7D42943F221D7FC800291794 /* PrefixHeader.pch */ = {isa = PBXFileReference; lastKnownFileType = sourcecode.c.h; path = PrefixHeader.pch; sourceTree = "<group>"; };
		7D429442221D806000291794 /* opencv2.framework */ = {isa = PBXFileReference; lastKnownFileType = wrapper.framework; name = opencv2.framework; path = ../../../Downloads/opencv2.framework; sourceTree = "<group>"; };
		7D429444221D894600291794 /* TODOfile.txt */ = {isa = PBXFileReference; lastKnownFileType = text; path = TODOfile.txt; sourceTree = "<group>"; };
		7D93EA22221C1ED600547DD4 /* AppleDocsCameraViewController.swift */ = {isa = PBXFileReference; lastKnownFileType = sourcecode.swift; path = AppleDocsCameraViewController.swift; sourceTree = "<group>"; };
		7DCEFC6D2212FAEC00F59A37 /* CustomVisionProject.app */ = {isa = PBXFileReference; explicitFileType = wrapper.application; includeInIndex = 0; path = CustomVisionProject.app; sourceTree = BUILT_PRODUCTS_DIR; };
		7DCEFC702212FAEC00F59A37 /* AppDelegate.swift */ = {isa = PBXFileReference; lastKnownFileType = sourcecode.swift; path = AppDelegate.swift; sourceTree = "<group>"; };
		7DCEFC722212FAEC00F59A37 /* ViewController.swift */ = {isa = PBXFileReference; lastKnownFileType = sourcecode.swift; path = ViewController.swift; sourceTree = "<group>"; };
		7DCEFC752212FAEC00F59A37 /* Base */ = {isa = PBXFileReference; lastKnownFileType = file.storyboard; name = Base; path = Base.lproj/Main.storyboard; sourceTree = "<group>"; };
		7DCEFC782212FAEC00F59A37 /* CustomVisionProject.xcdatamodel */ = {isa = PBXFileReference; lastKnownFileType = wrapper.xcdatamodel; path = CustomVisionProject.xcdatamodel; sourceTree = "<group>"; };
		7DCEFC7A2212FAEF00F59A37 /* Assets.xcassets */ = {isa = PBXFileReference; lastKnownFileType = folder.assetcatalog; path = Assets.xcassets; sourceTree = "<group>"; };
		7DCEFC7D2212FAEF00F59A37 /* Base */ = {isa = PBXFileReference; lastKnownFileType = file.storyboard; name = Base; path = Base.lproj/LaunchScreen.storyboard; sourceTree = "<group>"; };
		7DCEFC7F2212FAEF00F59A37 /* Info.plist */ = {isa = PBXFileReference; lastKnownFileType = text.plist.xml; path = Info.plist; sourceTree = "<group>"; };
		7DCEFC842212FAEF00F59A37 /* CustomVisionProjectTests.xctest */ = {isa = PBXFileReference; explicitFileType = wrapper.cfbundle; includeInIndex = 0; path = CustomVisionProjectTests.xctest; sourceTree = BUILT_PRODUCTS_DIR; };
		7DCEFC882212FAEF00F59A37 /* CustomVisionProjectTests.swift */ = {isa = PBXFileReference; lastKnownFileType = sourcecode.swift; path = CustomVisionProjectTests.swift; sourceTree = "<group>"; };
		7DCEFC8A2212FAEF00F59A37 /* Info.plist */ = {isa = PBXFileReference; lastKnownFileType = text.plist.xml; path = Info.plist; sourceTree = "<group>"; };
		7DCEFC8F2212FAEF00F59A37 /* CustomVisionProjectUITests.xctest */ = {isa = PBXFileReference; explicitFileType = wrapper.cfbundle; includeInIndex = 0; path = CustomVisionProjectUITests.xctest; sourceTree = BUILT_PRODUCTS_DIR; };
		7DCEFC932212FAEF00F59A37 /* CustomVisionProjectUITests.swift */ = {isa = PBXFileReference; lastKnownFileType = sourcecode.swift; path = CustomVisionProjectUITests.swift; sourceTree = "<group>"; };
		7DCEFC952212FAEF00F59A37 /* Info.plist */ = {isa = PBXFileReference; lastKnownFileType = text.plist.xml; path = Info.plist; sourceTree = "<group>"; };
		7DCEFCA72212FD6F00F59A37 /* CameraViewController.swift */ = {isa = PBXFileReference; fileEncoding = 4; lastKnownFileType = sourcecode.swift; path = CameraViewController.swift; sourceTree = "<group>"; };
		7DCEFCAD2212FFFC00F59A37 /* ImageData.swift */ = {isa = PBXFileReference; fileEncoding = 4; lastKnownFileType = sourcecode.swift; path = ImageData.swift; sourceTree = "<group>"; };
		7DCEFCAF2213002B00F59A37 /* ImageDisplayCollectionViewCell.swift */ = {isa = PBXFileReference; fileEncoding = 4; lastKnownFileType = sourcecode.swift; path = ImageDisplayCollectionViewCell.swift; sourceTree = "<group>"; };
		7DCEFCB02213002B00F59A37 /* ImageFullDisplayCollectionViewCell.swift */ = {isa = PBXFileReference; fileEncoding = 4; lastKnownFileType = sourcecode.swift; path = ImageFullDisplayCollectionViewCell.swift; sourceTree = "<group>"; };
		7DCEFCB12213002B00F59A37 /* ImageFullDisplayCollectionViewCell.xib */ = {isa = PBXFileReference; fileEncoding = 4; lastKnownFileType = file.xib; path = ImageFullDisplayCollectionViewCell.xib; sourceTree = "<group>"; };
		7DCEFCB22213002C00F59A37 /* ImageDisplayCollectionViewCell.xib */ = {isa = PBXFileReference; fileEncoding = 4; lastKnownFileType = file.xib; path = ImageDisplayCollectionViewCell.xib; sourceTree = "<group>"; };
		7DCEFCB92213045C00F59A37 /* ImageProcessingViewController.swift */ = {isa = PBXFileReference; lastKnownFileType = sourcecode.swift; path = ImageProcessingViewController.swift; sourceTree = "<group>"; };
		7DCEFCC322132AAA00F59A37 /* predict.py */ = {isa = PBXFileReference; fileEncoding = 4; lastKnownFileType = text.script.python; path = predict.py; sourceTree = "<group>"; };
		7DCEFCC422132AAA00F59A37 /* object_detection.py */ = {isa = PBXFileReference; fileEncoding = 4; lastKnownFileType = text.script.python; path = object_detection.py; sourceTree = "<group>"; };
		7DCEFCC522132AAA00F59A37 /* labels.txt */ = {isa = PBXFileReference; fileEncoding = 4; lastKnownFileType = text; path = labels.txt; sourceTree = "<group>"; };
		7DCEFCC622132AAA00F59A37 /* keyboardDetection.mlmodel */ = {isa = PBXFileReference; lastKnownFileType = file.mlmodel; path = keyboardDetection.mlmodel; sourceTree = "<group>"; };
		A80E122864D91D2182706D87 /* Pods-CustomVisionProjectUITests.debug.xcconfig */ = {isa = PBXFileReference; includeInIndex = 1; lastKnownFileType = text.xcconfig; name = "Pods-CustomVisionProjectUITests.debug.xcconfig"; path = "Pods/Target Support Files/Pods-CustomVisionProjectUITests/Pods-CustomVisionProjectUITests.debug.xcconfig"; sourceTree = "<group>"; };
		AE1F6A1F8234D3DD510307C9 /* Pods-CustomVisionProjectTests.release.xcconfig */ = {isa = PBXFileReference; includeInIndex = 1; lastKnownFileType = text.xcconfig; name = "Pods-CustomVisionProjectTests.release.xcconfig"; path = "Pods/Target Support Files/Pods-CustomVisionProjectTests/Pods-CustomVisionProjectTests.release.xcconfig"; sourceTree = "<group>"; };
		B14875C9B054AFF1489D2EEC /* Pods_CustomVisionProjectTests.framework */ = {isa = PBXFileReference; explicitFileType = wrapper.framework; includeInIndex = 0; path = Pods_CustomVisionProjectTests.framework; sourceTree = BUILT_PRODUCTS_DIR; };
		C83847BC54ED201A494B3B15 /* Pods-CustomVisionProject.debug.xcconfig */ = {isa = PBXFileReference; includeInIndex = 1; lastKnownFileType = text.xcconfig; name = "Pods-CustomVisionProject.debug.xcconfig"; path = "Pods/Target Support Files/Pods-CustomVisionProject/Pods-CustomVisionProject.debug.xcconfig"; sourceTree = "<group>"; };
		E7047D5833E72C3259EEA60D /* Pods-CustomVisionProjectUITests.release.xcconfig */ = {isa = PBXFileReference; includeInIndex = 1; lastKnownFileType = text.xcconfig; name = "Pods-CustomVisionProjectUITests.release.xcconfig"; path = "Pods/Target Support Files/Pods-CustomVisionProjectUITests/Pods-CustomVisionProjectUITests.release.xcconfig"; sourceTree = "<group>"; };
/* End PBXFileReference section */

/* Begin PBXFrameworksBuildPhase section */
		7DCEFC6A2212FAEC00F59A37 /* Frameworks */ = {
			isa = PBXFrameworksBuildPhase;
			buildActionMask = 2147483647;
			files = (
				7D429438221D7E5B00291794 /* CoreImage.framework in Frameworks */,
				7D429436221D7E4D00291794 /* Foundation.framework in Frameworks */,
				7D429443221D806000291794 /* opencv2.framework in Frameworks */,
				7D429434221D7E3900291794 /* UIKit.framework in Frameworks */,
				7D429432221D7E2B00291794 /* Accelerate.framework in Frameworks */,
				7D42942A221D7E0D00291794 /* AssetsLibrary.framework in Frameworks */,
				7D429428221D7DBE00291794 /* opencv2.framework in Frameworks */,
				8996098B64BFF1266135999D /* Pods_CustomVisionProject.framework in Frameworks */,
			);
			runOnlyForDeploymentPostprocessing = 0;
		};
		7DCEFC812212FAEF00F59A37 /* Frameworks */ = {
			isa = PBXFrameworksBuildPhase;
			buildActionMask = 2147483647;
			files = (
				EF32078907569E52BC2026EE /* Pods_CustomVisionProjectTests.framework in Frameworks */,
			);
			runOnlyForDeploymentPostprocessing = 0;
		};
		7DCEFC8C2212FAEF00F59A37 /* Frameworks */ = {
			isa = PBXFrameworksBuildPhase;
			buildActionMask = 2147483647;
			files = (
				F8B98EFF9786E7C199214334 /* Pods_CustomVisionProjectUITests.framework in Frameworks */,
			);
			runOnlyForDeploymentPostprocessing = 0;
		};
/* End PBXFrameworksBuildPhase section */

/* Begin PBXGroup section */
		4E0CC9D98D6EDE5DE5202D1F /* Frameworks */ = {
			isa = PBXGroup;
			children = (
				7D429437221D7E5B00291794 /* CoreImage.framework */,
				7D429435221D7E4D00291794 /* Foundation.framework */,
				7D429433221D7E3900291794 /* UIKit.framework */,
				7D429431221D7E2B00291794 /* Accelerate.framework */,
				7D42942F221D7E2400291794 /* CoreFoundation.framework */,
				7D42942D221D7E1B00291794 /* CoreMedia.framework */,
				7D42942B221D7E1400291794 /* CoreGraphics.framework */,
				7D429429221D7E0D00291794 /* AssetsLibrary.framework */,
				7D429427221D7DBD00291794 /* opencv2.framework */,
				103ECFB2125195216ED93517 /* Pods_CustomVisionProject.framework */,
				B14875C9B054AFF1489D2EEC /* Pods_CustomVisionProjectTests.framework */,
				50B17A82E9E2464828D1A6AA /* Pods_CustomVisionProjectUITests.framework */,
			);
			name = Frameworks;
			sourceTree = "<group>";
		};
		7DCEFC642212FAEC00F59A37 = {
			isa = PBXGroup;
			children = (
				7D429442221D806000291794 /* opencv2.framework */,
				7DCEFC6F2212FAEC00F59A37 /* CustomVisionProject */,
				7DCEFC872212FAEF00F59A37 /* CustomVisionProjectTests */,
				7DCEFC922212FAEF00F59A37 /* CustomVisionProjectUITests */,
				7DCEFC6E2212FAEC00F59A37 /* Products */,
				C264866A77D36492B7930AB5 /* Pods */,
				4E0CC9D98D6EDE5DE5202D1F /* Frameworks */,
			);
			sourceTree = "<group>";
		};
		7DCEFC6E2212FAEC00F59A37 /* Products */ = {
			isa = PBXGroup;
			children = (
				7DCEFC6D2212FAEC00F59A37 /* CustomVisionProject.app */,
				7DCEFC842212FAEF00F59A37 /* CustomVisionProjectTests.xctest */,
				7DCEFC8F2212FAEF00F59A37 /* CustomVisionProjectUITests.xctest */,
			);
			name = Products;
			sourceTree = "<group>";
		};
		7DCEFC6F2212FAEC00F59A37 /* CustomVisionProject */ = {
			isa = PBXGroup;
			children = (
				7D429444221D894600291794 /* TODOfile.txt */,
				7DCEFCBB221313BE00F59A37 /* CoreModels */,
				7DCEFCA42212FBDB00F59A37 /* Utilities */,
				7DCEFCA32212FBC700F59A37 /* Views */,
				7DCEFCA22212FBBC00F59A37 /* Models */,
				7DCEFCA12212FBB000F59A37 /* Controllers */,
				7DCEFC702212FAEC00F59A37 /* AppDelegate.swift */,
				7DCEFC722212FAEC00F59A37 /* ViewController.swift */,
				7DCEFC742212FAEC00F59A37 /* Main.storyboard */,
				7DCEFC7A2212FAEF00F59A37 /* Assets.xcassets */,
				7DCEFC7C2212FAEF00F59A37 /* LaunchScreen.storyboard */,
				7DCEFC7F2212FAEF00F59A37 /* Info.plist */,
				7DCEFC772212FAEC00F59A37 /* CustomVisionProject.xcdatamodeld */,
				7D42943C221D7F4300291794 /* OpenCVWrapper.h */,
				7D42943D221D7F4300291794 /* OpenCVWrapper.mm */,
				7D42943B221D7F4200291794 /* CustomVisionProject-Bridging-Header.h */,
				7D42943F221D7FC800291794 /* PrefixHeader.pch */,
			);
			path = CustomVisionProject;
			sourceTree = "<group>";
		};
		7DCEFC872212FAEF00F59A37 /* CustomVisionProjectTests */ = {
			isa = PBXGroup;
			children = (
				7DCEFC882212FAEF00F59A37 /* CustomVisionProjectTests.swift */,
				7DCEFC8A2212FAEF00F59A37 /* Info.plist */,
			);
			path = CustomVisionProjectTests;
			sourceTree = "<group>";
		};
		7DCEFC922212FAEF00F59A37 /* CustomVisionProjectUITests */ = {
			isa = PBXGroup;
			children = (
				7DCEFC932212FAEF00F59A37 /* CustomVisionProjectUITests.swift */,
				7DCEFC952212FAEF00F59A37 /* Info.plist */,
			);
			path = CustomVisionProjectUITests;
			sourceTree = "<group>";
		};
		7DCEFCA12212FBB000F59A37 /* Controllers */ = {
			isa = PBXGroup;
			children = (
				7DCEFCA72212FD6F00F59A37 /* CameraViewController.swift */,
				7DCEFCB92213045C00F59A37 /* ImageProcessingViewController.swift */,
				7D93EA22221C1ED600547DD4 /* AppleDocsCameraViewController.swift */,
			);
			path = Controllers;
			sourceTree = "<group>";
		};
		7DCEFCA22212FBBC00F59A37 /* Models */ = {
			isa = PBXGroup;
			children = (
				7DCEFCAD2212FFFC00F59A37 /* ImageData.swift */,
			);
			path = Models;
			sourceTree = "<group>";
		};
		7DCEFCA32212FBC700F59A37 /* Views */ = {
			isa = PBXGroup;
			children = (
				7DCEFCAF2213002B00F59A37 /* ImageDisplayCollectionViewCell.swift */,
				7DCEFCB22213002C00F59A37 /* ImageDisplayCollectionViewCell.xib */,
				7DCEFCB02213002B00F59A37 /* ImageFullDisplayCollectionViewCell.swift */,
				7DCEFCB12213002B00F59A37 /* ImageFullDisplayCollectionViewCell.xib */,
			);
			path = Views;
			sourceTree = "<group>";
		};
		7DCEFCA42212FBDB00F59A37 /* Utilities */ = {
			isa = PBXGroup;
			children = (
			);
			path = Utilities;
			sourceTree = "<group>";
		};
		7DCEFCBB221313BE00F59A37 /* CoreModels */ = {
			isa = PBXGroup;
			children = (
				7D42941D221D3FEE00291794 /* PorscheCoffee.mlmodel */,
				7DCEFCC022132A8E00F59A37 /* ObjectDetection */,
				7D429425221D523900291794 /* CoffeePorscheClass.mlmodel */,
			);
			path = CoreModels;
			sourceTree = "<group>";
		};
		7DCEFCC022132A8E00F59A37 /* ObjectDetection */ = {
			isa = PBXGroup;
			children = (
				7DCEFCC122132AAA00F59A37 /* keyboardDetection */,
			);
			path = ObjectDetection;
			sourceTree = "<group>";
		};
		7DCEFCC122132AAA00F59A37 /* keyboardDetection */ = {
			isa = PBXGroup;
			children = (
				7DCEFCC222132AAA00F59A37 /* python */,
				7DCEFCC522132AAA00F59A37 /* labels.txt */,
				7DCEFCC622132AAA00F59A37 /* keyboardDetection.mlmodel */,
			);
			path = keyboardDetection;
			sourceTree = "<group>";
		};
		7DCEFCC222132AAA00F59A37 /* python */ = {
			isa = PBXGroup;
			children = (
				7DCEFCC322132AAA00F59A37 /* predict.py */,
				7DCEFCC422132AAA00F59A37 /* object_detection.py */,
			);
			path = python;
			sourceTree = "<group>";
		};
		C264866A77D36492B7930AB5 /* Pods */ = {
			isa = PBXGroup;
			children = (
				C83847BC54ED201A494B3B15 /* Pods-CustomVisionProject.debug.xcconfig */,
				2DA1AE70026249035E8552FF /* Pods-CustomVisionProject.release.xcconfig */,
				342EFA8B023EA0A7B4DBAA91 /* Pods-CustomVisionProjectTests.debug.xcconfig */,
				AE1F6A1F8234D3DD510307C9 /* Pods-CustomVisionProjectTests.release.xcconfig */,
				A80E122864D91D2182706D87 /* Pods-CustomVisionProjectUITests.debug.xcconfig */,
				E7047D5833E72C3259EEA60D /* Pods-CustomVisionProjectUITests.release.xcconfig */,
			);
			name = Pods;
			sourceTree = "<group>";
		};
/* End PBXGroup section */

/* Begin PBXNativeTarget section */
		7DCEFC6C2212FAEC00F59A37 /* CustomVisionProject */ = {
			isa = PBXNativeTarget;
			buildConfigurationList = 7DCEFC982212FAEF00F59A37 /* Build configuration list for PBXNativeTarget "CustomVisionProject" */;
			buildPhases = (
				7DE52D924526B75D3E3A5E2C /* [CP] Check Pods Manifest.lock */,
				7DCEFC692212FAEC00F59A37 /* Sources */,
				7DCEFC6A2212FAEC00F59A37 /* Frameworks */,
				7DCEFC6B2212FAEC00F59A37 /* Resources */,
				0FE742C1F08C6BAC3A7FBCD9 /* [CP] Embed Pods Frameworks */,
			);
			buildRules = (
			);
			dependencies = (
			);
			name = CustomVisionProject;
			productName = CustomVisionProject;
			productReference = 7DCEFC6D2212FAEC00F59A37 /* CustomVisionProject.app */;
			productType = "com.apple.product-type.application";
		};
		7DCEFC832212FAEF00F59A37 /* CustomVisionProjectTests */ = {
			isa = PBXNativeTarget;
			buildConfigurationList = 7DCEFC9B2212FAEF00F59A37 /* Build configuration list for PBXNativeTarget "CustomVisionProjectTests" */;
			buildPhases = (
				2525E9F1391714C16F30C8E0 /* [CP] Check Pods Manifest.lock */,
				7DCEFC802212FAEF00F59A37 /* Sources */,
				7DCEFC812212FAEF00F59A37 /* Frameworks */,
				7DCEFC822212FAEF00F59A37 /* Resources */,
			);
			buildRules = (
			);
			dependencies = (
				7DCEFC862212FAEF00F59A37 /* PBXTargetDependency */,
			);
			name = CustomVisionProjectTests;
			productName = CustomVisionProjectTests;
			productReference = 7DCEFC842212FAEF00F59A37 /* CustomVisionProjectTests.xctest */;
			productType = "com.apple.product-type.bundle.unit-test";
		};
		7DCEFC8E2212FAEF00F59A37 /* CustomVisionProjectUITests */ = {
			isa = PBXNativeTarget;
			buildConfigurationList = 7DCEFC9E2212FAEF00F59A37 /* Build configuration list for PBXNativeTarget "CustomVisionProjectUITests" */;
			buildPhases = (
				47573663B0A7955349A2AABF /* [CP] Check Pods Manifest.lock */,
				7DCEFC8B2212FAEF00F59A37 /* Sources */,
				7DCEFC8C2212FAEF00F59A37 /* Frameworks */,
				7DCEFC8D2212FAEF00F59A37 /* Resources */,
			);
			buildRules = (
			);
			dependencies = (
				7DCEFC912212FAEF00F59A37 /* PBXTargetDependency */,
			);
			name = CustomVisionProjectUITests;
			productName = CustomVisionProjectUITests;
			productReference = 7DCEFC8F2212FAEF00F59A37 /* CustomVisionProjectUITests.xctest */;
			productType = "com.apple.product-type.bundle.ui-testing";
		};
/* End PBXNativeTarget section */

/* Begin PBXProject section */
		7DCEFC652212FAEC00F59A37 /* Project object */ = {
			isa = PBXProject;
			attributes = {
				LastSwiftUpdateCheck = 1010;
				LastUpgradeCheck = 1010;
				ORGANIZATIONNAME = Seavus;
				TargetAttributes = {
					7DCEFC6C2212FAEC00F59A37 = {
						CreatedOnToolsVersion = 10.1;
						LastSwiftMigration = 1010;
					};
					7DCEFC832212FAEF00F59A37 = {
						CreatedOnToolsVersion = 10.1;
						TestTargetID = 7DCEFC6C2212FAEC00F59A37;
					};
					7DCEFC8E2212FAEF00F59A37 = {
						CreatedOnToolsVersion = 10.1;
						TestTargetID = 7DCEFC6C2212FAEC00F59A37;
					};
				};
			};
			buildConfigurationList = 7DCEFC682212FAEC00F59A37 /* Build configuration list for PBXProject "CustomVisionProject" */;
			compatibilityVersion = "Xcode 9.3";
			developmentRegion = en;
			hasScannedForEncodings = 0;
			knownRegions = (
				en,
				Base,
			);
			mainGroup = 7DCEFC642212FAEC00F59A37;
			productRefGroup = 7DCEFC6E2212FAEC00F59A37 /* Products */;
			projectDirPath = "";
			projectRoot = "";
			targets = (
				7DCEFC6C2212FAEC00F59A37 /* CustomVisionProject */,
				7DCEFC832212FAEF00F59A37 /* CustomVisionProjectTests */,
				7DCEFC8E2212FAEF00F59A37 /* CustomVisionProjectUITests */,
			);
		};
/* End PBXProject section */

/* Begin PBXResourcesBuildPhase section */
		7DCEFC6B2212FAEC00F59A37 /* Resources */ = {
			isa = PBXResourcesBuildPhase;
			buildActionMask = 2147483647;
			files = (
				7D429445221D894600291794 /* TODOfile.txt in Resources */,
				7DCEFCC722132AAA00F59A37 /* predict.py in Resources */,
				7DCEFCC822132AAA00F59A37 /* object_detection.py in Resources */,
				7DCEFC7E2212FAEF00F59A37 /* LaunchScreen.storyboard in Resources */,
				7DCEFCC922132AAA00F59A37 /* labels.txt in Resources */,
				7DCEFC7B2212FAEF00F59A37 /* Assets.xcassets in Resources */,
				7DCEFCB62213002C00F59A37 /* ImageDisplayCollectionViewCell.xib in Resources */,
				7DCEFCB52213002C00F59A37 /* ImageFullDisplayCollectionViewCell.xib in Resources */,
				7DCEFC762212FAEC00F59A37 /* Main.storyboard in Resources */,
			);
			runOnlyForDeploymentPostprocessing = 0;
		};
		7DCEFC822212FAEF00F59A37 /* Resources */ = {
			isa = PBXResourcesBuildPhase;
			buildActionMask = 2147483647;
			files = (
			);
			runOnlyForDeploymentPostprocessing = 0;
		};
		7DCEFC8D2212FAEF00F59A37 /* Resources */ = {
			isa = PBXResourcesBuildPhase;
			buildActionMask = 2147483647;
			files = (
			);
			runOnlyForDeploymentPostprocessing = 0;
		};
/* End PBXResourcesBuildPhase section */

/* Begin PBXShellScriptBuildPhase section */
		0FE742C1F08C6BAC3A7FBCD9 /* [CP] Embed Pods Frameworks */ = {
			isa = PBXShellScriptBuildPhase;
			buildActionMask = 2147483647;
			files = (
			);
			inputFileListPaths = (
			);
			inputPaths = (
				"${SRCROOT}/Pods/Target Support Files/Pods-CustomVisionProject/Pods-CustomVisionProject-frameworks.sh",
				"${BUILT_PRODUCTS_DIR}/Realm/Realm.framework",
				"${BUILT_PRODUCTS_DIR}/RealmSwift/RealmSwift.framework",
			);
			name = "[CP] Embed Pods Frameworks";
			outputFileListPaths = (
			);
			outputPaths = (
				"${TARGET_BUILD_DIR}/${FRAMEWORKS_FOLDER_PATH}/Realm.framework",
				"${TARGET_BUILD_DIR}/${FRAMEWORKS_FOLDER_PATH}/RealmSwift.framework",
			);
			runOnlyForDeploymentPostprocessing = 0;
			shellPath = /bin/sh;
			shellScript = "\"${SRCROOT}/Pods/Target Support Files/Pods-CustomVisionProject/Pods-CustomVisionProject-frameworks.sh\"\n";
			showEnvVarsInLog = 0;
		};
		2525E9F1391714C16F30C8E0 /* [CP] Check Pods Manifest.lock */ = {
			isa = PBXShellScriptBuildPhase;
			buildActionMask = 2147483647;
			files = (
			);
			inputFileListPaths = (
			);
			inputPaths = (
				"${PODS_PODFILE_DIR_PATH}/Podfile.lock",
				"${PODS_ROOT}/Manifest.lock",
			);
			name = "[CP] Check Pods Manifest.lock";
			outputFileListPaths = (
			);
			outputPaths = (
				"$(DERIVED_FILE_DIR)/Pods-CustomVisionProjectTests-checkManifestLockResult.txt",
			);
			runOnlyForDeploymentPostprocessing = 0;
			shellPath = /bin/sh;
			shellScript = "diff \"${PODS_PODFILE_DIR_PATH}/Podfile.lock\" \"${PODS_ROOT}/Manifest.lock\" > /dev/null\nif [ $? != 0 ] ; then\n    # print error to STDERR\n    echo \"error: The sandbox is not in sync with the Podfile.lock. Run 'pod install' or update your CocoaPods installation.\" >&2\n    exit 1\nfi\n# This output is used by Xcode 'outputs' to avoid re-running this script phase.\necho \"SUCCESS\" > \"${SCRIPT_OUTPUT_FILE_0}\"\n";
			showEnvVarsInLog = 0;
		};
		47573663B0A7955349A2AABF /* [CP] Check Pods Manifest.lock */ = {
			isa = PBXShellScriptBuildPhase;
			buildActionMask = 2147483647;
			files = (
			);
			inputFileListPaths = (
			);
			inputPaths = (
				"${PODS_PODFILE_DIR_PATH}/Podfile.lock",
				"${PODS_ROOT}/Manifest.lock",
			);
			name = "[CP] Check Pods Manifest.lock";
			outputFileListPaths = (
			);
			outputPaths = (
				"$(DERIVED_FILE_DIR)/Pods-CustomVisionProjectUITests-checkManifestLockResult.txt",
			);
			runOnlyForDeploymentPostprocessing = 0;
			shellPath = /bin/sh;
			shellScript = "diff \"${PODS_PODFILE_DIR_PATH}/Podfile.lock\" \"${PODS_ROOT}/Manifest.lock\" > /dev/null\nif [ $? != 0 ] ; then\n    # print error to STDERR\n    echo \"error: The sandbox is not in sync with the Podfile.lock. Run 'pod install' or update your CocoaPods installation.\" >&2\n    exit 1\nfi\n# This output is used by Xcode 'outputs' to avoid re-running this script phase.\necho \"SUCCESS\" > \"${SCRIPT_OUTPUT_FILE_0}\"\n";
			showEnvVarsInLog = 0;
		};
		7DE52D924526B75D3E3A5E2C /* [CP] Check Pods Manifest.lock */ = {
			isa = PBXShellScriptBuildPhase;
			buildActionMask = 2147483647;
			files = (
			);
			inputFileListPaths = (
			);
			inputPaths = (
				"${PODS_PODFILE_DIR_PATH}/Podfile.lock",
				"${PODS_ROOT}/Manifest.lock",
			);
			name = "[CP] Check Pods Manifest.lock";
			outputFileListPaths = (
			);
			outputPaths = (
				"$(DERIVED_FILE_DIR)/Pods-CustomVisionProject-checkManifestLockResult.txt",
			);
			runOnlyForDeploymentPostprocessing = 0;
			shellPath = /bin/sh;
			shellScript = "diff \"${PODS_PODFILE_DIR_PATH}/Podfile.lock\" \"${PODS_ROOT}/Manifest.lock\" > /dev/null\nif [ $? != 0 ] ; then\n    # print error to STDERR\n    echo \"error: The sandbox is not in sync with the Podfile.lock. Run 'pod install' or update your CocoaPods installation.\" >&2\n    exit 1\nfi\n# This output is used by Xcode 'outputs' to avoid re-running this script phase.\necho \"SUCCESS\" > \"${SCRIPT_OUTPUT_FILE_0}\"\n";
			showEnvVarsInLog = 0;
		};
/* End PBXShellScriptBuildPhase section */

/* Begin PBXSourcesBuildPhase section */
		7DCEFC692212FAEC00F59A37 /* Sources */ = {
			isa = PBXSourcesBuildPhase;
			buildActionMask = 2147483647;
			files = (
				7DCEFCBA2213045C00F59A37 /* ImageProcessingViewController.swift in Sources */,
				7DCEFCB42213002C00F59A37 /* ImageFullDisplayCollectionViewCell.swift in Sources */,
				7DCEFC732212FAEC00F59A37 /* ViewController.swift in Sources */,
				7D42941E221D3FEE00291794 /* PorscheCoffee.mlmodel in Sources */,
				7DCEFCA82212FD6F00F59A37 /* CameraViewController.swift in Sources */,
				7DCEFC712212FAEC00F59A37 /* AppDelegate.swift in Sources */,
				7D93EA23221C1ED600547DD4 /* AppleDocsCameraViewController.swift in Sources */,
				7DCEFCCA22132AAA00F59A37 /* keyboardDetection.mlmodel in Sources */,
				7DCEFC792212FAEC00F59A37 /* CustomVisionProject.xcdatamodeld in Sources */,
				7DCEFCAE2212FFFC00F59A37 /* ImageData.swift in Sources */,
				7DCEFCB32213002C00F59A37 /* ImageDisplayCollectionViewCell.swift in Sources */,
				7D429426221D523A00291794 /* CoffeePorscheClass.mlmodel in Sources */,
				7D42943E221D7F4300291794 /* OpenCVWrapper.mm in Sources */,
			);
			runOnlyForDeploymentPostprocessing = 0;
		};
		7DCEFC802212FAEF00F59A37 /* Sources */ = {
			isa = PBXSourcesBuildPhase;
			buildActionMask = 2147483647;
			files = (
				7DCEFC892212FAEF00F59A37 /* CustomVisionProjectTests.swift in Sources */,
			);
			runOnlyForDeploymentPostprocessing = 0;
		};
		7DCEFC8B2212FAEF00F59A37 /* Sources */ = {
			isa = PBXSourcesBuildPhase;
			buildActionMask = 2147483647;
			files = (
				7DCEFC942212FAEF00F59A37 /* CustomVisionProjectUITests.swift in Sources */,
			);
			runOnlyForDeploymentPostprocessing = 0;
		};
/* End PBXSourcesBuildPhase section */

/* Begin PBXTargetDependency section */
		7DCEFC862212FAEF00F59A37 /* PBXTargetDependency */ = {
			isa = PBXTargetDependency;
			target = 7DCEFC6C2212FAEC00F59A37 /* CustomVisionProject */;
			targetProxy = 7DCEFC852212FAEF00F59A37 /* PBXContainerItemProxy */;
		};
		7DCEFC912212FAEF00F59A37 /* PBXTargetDependency */ = {
			isa = PBXTargetDependency;
			target = 7DCEFC6C2212FAEC00F59A37 /* CustomVisionProject */;
			targetProxy = 7DCEFC902212FAEF00F59A37 /* PBXContainerItemProxy */;
		};
/* End PBXTargetDependency section */

/* Begin PBXVariantGroup section */
		7DCEFC742212FAEC00F59A37 /* Main.storyboard */ = {
			isa = PBXVariantGroup;
			children = (
				7DCEFC752212FAEC00F59A37 /* Base */,
			);
			name = Main.storyboard;
			sourceTree = "<group>";
		};
		7DCEFC7C2212FAEF00F59A37 /* LaunchScreen.storyboard */ = {
			isa = PBXVariantGroup;
			children = (
				7DCEFC7D2212FAEF00F59A37 /* Base */,
			);
			name = LaunchScreen.storyboard;
			sourceTree = "<group>";
		};
/* End PBXVariantGroup section */

/* Begin XCBuildConfiguration section */
		7DCEFC962212FAEF00F59A37 /* Debug */ = {
			isa = XCBuildConfiguration;
			buildSettings = {
				ALWAYS_SEARCH_USER_PATHS = NO;
				CLANG_ANALYZER_NONNULL = YES;
				CLANG_ANALYZER_NUMBER_OBJECT_CONVERSION = YES_AGGRESSIVE;
				CLANG_CXX_LANGUAGE_STANDARD = "gnu++14";
				CLANG_CXX_LIBRARY = "libc++";
				CLANG_ENABLE_MODULES = YES;
				CLANG_ENABLE_OBJC_ARC = YES;
				CLANG_ENABLE_OBJC_WEAK = YES;
				CLANG_WARN_BLOCK_CAPTURE_AUTORELEASING = YES;
				CLANG_WARN_BOOL_CONVERSION = YES;
				CLANG_WARN_COMMA = YES;
				CLANG_WARN_CONSTANT_CONVERSION = YES;
				CLANG_WARN_DEPRECATED_OBJC_IMPLEMENTATIONS = YES;
				CLANG_WARN_DIRECT_OBJC_ISA_USAGE = YES_ERROR;
				CLANG_WARN_DOCUMENTATION_COMMENTS = YES;
				CLANG_WARN_EMPTY_BODY = YES;
				CLANG_WARN_ENUM_CONVERSION = YES;
				CLANG_WARN_INFINITE_RECURSION = YES;
				CLANG_WARN_INT_CONVERSION = YES;
				CLANG_WARN_NON_LITERAL_NULL_CONVERSION = YES;
				CLANG_WARN_OBJC_IMPLICIT_RETAIN_SELF = YES;
				CLANG_WARN_OBJC_LITERAL_CONVERSION = YES;
				CLANG_WARN_OBJC_ROOT_CLASS = YES_ERROR;
				CLANG_WARN_RANGE_LOOP_ANALYSIS = YES;
				CLANG_WARN_STRICT_PROTOTYPES = YES;
				CLANG_WARN_SUSPICIOUS_MOVE = YES;
				CLANG_WARN_UNGUARDED_AVAILABILITY = YES_AGGRESSIVE;
				CLANG_WARN_UNREACHABLE_CODE = YES;
				CLANG_WARN__DUPLICATE_METHOD_MATCH = YES;
				CODE_SIGN_IDENTITY = "iPhone Developer";
				COPY_PHASE_STRIP = NO;
				DEBUG_INFORMATION_FORMAT = dwarf;
				ENABLE_STRICT_OBJC_MSGSEND = YES;
				ENABLE_TESTABILITY = YES;
				GCC_C_LANGUAGE_STANDARD = gnu11;
				GCC_DYNAMIC_NO_PIC = NO;
				GCC_NO_COMMON_BLOCKS = YES;
				GCC_OPTIMIZATION_LEVEL = 0;
				GCC_PREPROCESSOR_DEFINITIONS = (
					"DEBUG=1",
					"$(inherited)",
				);
				GCC_WARN_64_TO_32_BIT_CONVERSION = YES;
				GCC_WARN_ABOUT_RETURN_TYPE = YES_ERROR;
				GCC_WARN_UNDECLARED_SELECTOR = YES;
				GCC_WARN_UNINITIALIZED_AUTOS = YES_AGGRESSIVE;
				GCC_WARN_UNUSED_FUNCTION = YES;
				GCC_WARN_UNUSED_VARIABLE = YES;
				IPHONEOS_DEPLOYMENT_TARGET = 12.1;
				MTL_ENABLE_DEBUG_INFO = INCLUDE_SOURCE;
				MTL_FAST_MATH = YES;
				ONLY_ACTIVE_ARCH = YES;
				SDKROOT = iphoneos;
				SWIFT_ACTIVE_COMPILATION_CONDITIONS = DEBUG;
				SWIFT_OPTIMIZATION_LEVEL = "-Onone";
			};
			name = Debug;
		};
		7DCEFC972212FAEF00F59A37 /* Release */ = {
			isa = XCBuildConfiguration;
			buildSettings = {
				ALWAYS_SEARCH_USER_PATHS = NO;
				CLANG_ANALYZER_NONNULL = YES;
				CLANG_ANALYZER_NUMBER_OBJECT_CONVERSION = YES_AGGRESSIVE;
				CLANG_CXX_LANGUAGE_STANDARD = "gnu++14";
				CLANG_CXX_LIBRARY = "libc++";
				CLANG_ENABLE_MODULES = YES;
				CLANG_ENABLE_OBJC_ARC = YES;
				CLANG_ENABLE_OBJC_WEAK = YES;
				CLANG_WARN_BLOCK_CAPTURE_AUTORELEASING = YES;
				CLANG_WARN_BOOL_CONVERSION = YES;
				CLANG_WARN_COMMA = YES;
				CLANG_WARN_CONSTANT_CONVERSION = YES;
				CLANG_WARN_DEPRECATED_OBJC_IMPLEMENTATIONS = YES;
				CLANG_WARN_DIRECT_OBJC_ISA_USAGE = YES_ERROR;
				CLANG_WARN_DOCUMENTATION_COMMENTS = YES;
				CLANG_WARN_EMPTY_BODY = YES;
				CLANG_WARN_ENUM_CONVERSION = YES;
				CLANG_WARN_INFINITE_RECURSION = YES;
				CLANG_WARN_INT_CONVERSION = YES;
				CLANG_WARN_NON_LITERAL_NULL_CONVERSION = YES;
				CLANG_WARN_OBJC_IMPLICIT_RETAIN_SELF = YES;
				CLANG_WARN_OBJC_LITERAL_CONVERSION = YES;
				CLANG_WARN_OBJC_ROOT_CLASS = YES_ERROR;
				CLANG_WARN_RANGE_LOOP_ANALYSIS = YES;
				CLANG_WARN_STRICT_PROTOTYPES = YES;
				CLANG_WARN_SUSPICIOUS_MOVE = YES;
				CLANG_WARN_UNGUARDED_AVAILABILITY = YES_AGGRESSIVE;
				CLANG_WARN_UNREACHABLE_CODE = YES;
				CLANG_WARN__DUPLICATE_METHOD_MATCH = YES;
				CODE_SIGN_IDENTITY = "iPhone Developer";
				COPY_PHASE_STRIP = NO;
				DEBUG_INFORMATION_FORMAT = "dwarf-with-dsym";
				ENABLE_NS_ASSERTIONS = NO;
				ENABLE_STRICT_OBJC_MSGSEND = YES;
				GCC_C_LANGUAGE_STANDARD = gnu11;
				GCC_NO_COMMON_BLOCKS = YES;
				GCC_WARN_64_TO_32_BIT_CONVERSION = YES;
				GCC_WARN_ABOUT_RETURN_TYPE = YES_ERROR;
				GCC_WARN_UNDECLARED_SELECTOR = YES;
				GCC_WARN_UNINITIALIZED_AUTOS = YES_AGGRESSIVE;
				GCC_WARN_UNUSED_FUNCTION = YES;
				GCC_WARN_UNUSED_VARIABLE = YES;
				IPHONEOS_DEPLOYMENT_TARGET = 12.1;
				MTL_ENABLE_DEBUG_INFO = NO;
				MTL_FAST_MATH = YES;
				SDKROOT = iphoneos;
				SWIFT_COMPILATION_MODE = wholemodule;
				SWIFT_OPTIMIZATION_LEVEL = "-O";
				VALIDATE_PRODUCT = YES;
			};
			name = Release;
		};
		7DCEFC992212FAEF00F59A37 /* Debug */ = {
			isa = XCBuildConfiguration;
			baseConfigurationReference = C83847BC54ED201A494B3B15 /* Pods-CustomVisionProject.debug.xcconfig */;
			buildSettings = {
				ASSETCATALOG_COMPILER_APPICON_NAME = AppIcon;
				CLANG_ENABLE_MODULES = YES;
				CODE_SIGN_STYLE = Automatic;
				DEVELOPMENT_TEAM = YDC8GRH2PF;
				FRAMEWORK_SEARCH_PATHS = (
					"$(inherited)",
					"\"${PODS_CONFIGURATION_BUILD_DIR}/Realm\"",
					"\"${PODS_CONFIGURATION_BUILD_DIR}/RealmSwift\"",
					"$(PROJECT_DIR)",
					"$(PROJECT_DIR)/CustomVisionProject",
				);
				GCC_PREFIX_HEADER = "$(SRCROOT)/CustomVisionProject/PrefixHeader.pch";
				INFOPLIST_FILE = CustomVisionProject/Info.plist;
				LD_RUNPATH_SEARCH_PATHS = (
					"$(inherited)",
					"@executable_path/Frameworks",
				);
				PRODUCT_BUNDLE_IDENTIFIER = com.seavus.CustomVisionProject;
				PRODUCT_NAME = "$(TARGET_NAME)";
				SWIFT_OBJC_BRIDGING_HEADER = "CustomVisionProject/CustomVisionProject-Bridging-Header.h";
				SWIFT_OPTIMIZATION_LEVEL = "-Onone";
				SWIFT_VERSION = 4.2;
				SYSTEM_FRAMEWORK_SEARCH_PATHS = (
					"$(PROJECT_DIR)",
					"$(PROJECT_DIR)/",
				);
				TARGETED_DEVICE_FAMILY = "1,2";
			};
			name = Debug;
		};
		7DCEFC9A2212FAEF00F59A37 /* Release */ = {
			isa = XCBuildConfiguration;
			baseConfigurationReference = 2DA1AE70026249035E8552FF /* Pods-CustomVisionProject.release.xcconfig */;
			buildSettings = {
				ASSETCATALOG_COMPILER_APPICON_NAME = AppIcon;
				CLANG_ENABLE_MODULES = YES;
				CODE_SIGN_STYLE = Automatic;
				DEVELOPMENT_TEAM = YDC8GRH2PF;
				FRAMEWORK_SEARCH_PATHS = (
					"$(inherited)",
					"\"${PODS_CONFIGURATION_BUILD_DIR}/Realm\"",
					"\"${PODS_CONFIGURATION_BUILD_DIR}/RealmSwift\"",
					"$(PROJECT_DIR)",
					"$(PROJECT_DIR)/CustomVisionProject",
				);
				GCC_PREFIX_HEADER = "$(SRCROOT)/CustomVisionProject/PrefixHeader.pch";
				INFOPLIST_FILE = CustomVisionProject/Info.plist;
				LD_RUNPATH_SEARCH_PATHS = (
					"$(inherited)",
					"@executable_path/Frameworks",
				);
				PRODUCT_BUNDLE_IDENTIFIER = com.seavus.CustomVisionProject;
				PRODUCT_NAME = "$(TARGET_NAME)";
				SWIFT_OBJC_BRIDGING_HEADER = "CustomVisionProject/CustomVisionProject-Bridging-Header.h";
				SWIFT_VERSION = 4.2;
				SYSTEM_FRAMEWORK_SEARCH_PATHS = (
					"$(PROJECT_DIR)",
					"$(PROJECT_DIR)/",
				);
				TARGETED_DEVICE_FAMILY = "1,2";
			};
			name = Release;
		};
		7DCEFC9C2212FAEF00F59A37 /* Debug */ = {
			isa = XCBuildConfiguration;
			baseConfigurationReference = 342EFA8B023EA0A7B4DBAA91 /* Pods-CustomVisionProjectTests.debug.xcconfig */;
			buildSettings = {
				ALWAYS_EMBED_SWIFT_STANDARD_LIBRARIES = YES;
				BUNDLE_LOADER = "$(TEST_HOST)";
				CODE_SIGN_STYLE = Automatic;
				DEVELOPMENT_TEAM = YDC8GRH2PF;
				INFOPLIST_FILE = CustomVisionProjectTests/Info.plist;
				LD_RUNPATH_SEARCH_PATHS = (
					"$(inherited)",
					"@executable_path/Frameworks",
					"@loader_path/Frameworks",
				);
				PRODUCT_BUNDLE_IDENTIFIER = com.seavus.CustomVisionProjectTests;
				PRODUCT_NAME = "$(TARGET_NAME)";
				SWIFT_VERSION = 4.2;
				TARGETED_DEVICE_FAMILY = "1,2";
				TEST_HOST = "$(BUILT_PRODUCTS_DIR)/CustomVisionProject.app/CustomVisionProject";
			};
			name = Debug;
		};
		7DCEFC9D2212FAEF00F59A37 /* Release */ = {
			isa = XCBuildConfiguration;
			baseConfigurationReference = AE1F6A1F8234D3DD510307C9 /* Pods-CustomVisionProjectTests.release.xcconfig */;
			buildSettings = {
				ALWAYS_EMBED_SWIFT_STANDARD_LIBRARIES = YES;
				BUNDLE_LOADER = "$(TEST_HOST)";
				CODE_SIGN_STYLE = Automatic;
				DEVELOPMENT_TEAM = YDC8GRH2PF;
				INFOPLIST_FILE = CustomVisionProjectTests/Info.plist;
				LD_RUNPATH_SEARCH_PATHS = (
					"$(inherited)",
					"@executable_path/Frameworks",
					"@loader_path/Frameworks",
				);
				PRODUCT_BUNDLE_IDENTIFIER = com.seavus.CustomVisionProjectTests;
				PRODUCT_NAME = "$(TARGET_NAME)";
				SWIFT_VERSION = 4.2;
				TARGETED_DEVICE_FAMILY = "1,2";
				TEST_HOST = "$(BUILT_PRODUCTS_DIR)/CustomVisionProject.app/CustomVisionProject";
			};
			name = Release;
		};
		7DCEFC9F2212FAEF00F59A37 /* Debug */ = {
			isa = XCBuildConfiguration;
			baseConfigurationReference = A80E122864D91D2182706D87 /* Pods-CustomVisionProjectUITests.debug.xcconfig */;
			buildSettings = {
				ALWAYS_EMBED_SWIFT_STANDARD_LIBRARIES = YES;
				CODE_SIGN_STYLE = Automatic;
				DEVELOPMENT_TEAM = YDC8GRH2PF;
				INFOPLIST_FILE = CustomVisionProjectUITests/Info.plist;
				LD_RUNPATH_SEARCH_PATHS = (
					"$(inherited)",
					"@executable_path/Frameworks",
					"@loader_path/Frameworks",
				);
				PRODUCT_BUNDLE_IDENTIFIER = com.seavus.CustomVisionProjectUITests;
				PRODUCT_NAME = "$(TARGET_NAME)";
				SWIFT_VERSION = 4.2;
				TARGETED_DEVICE_FAMILY = "1,2";
				TEST_TARGET_NAME = CustomVisionProject;
			};
			name = Debug;
		};
		7DCEFCA02212FAEF00F59A37 /* Release */ = {
			isa = XCBuildConfiguration;
			baseConfigurationReference = E7047D5833E72C3259EEA60D /* Pods-CustomVisionProjectUITests.release.xcconfig */;
			buildSettings = {
				ALWAYS_EMBED_SWIFT_STANDARD_LIBRARIES = YES;
				CODE_SIGN_STYLE = Automatic;
				DEVELOPMENT_TEAM = YDC8GRH2PF;
				INFOPLIST_FILE = CustomVisionProjectUITests/Info.plist;
				LD_RUNPATH_SEARCH_PATHS = (
					"$(inherited)",
					"@executable_path/Frameworks",
					"@loader_path/Frameworks",
				);
				PRODUCT_BUNDLE_IDENTIFIER = com.seavus.CustomVisionProjectUITests;
				PRODUCT_NAME = "$(TARGET_NAME)";
				SWIFT_VERSION = 4.2;
				TARGETED_DEVICE_FAMILY = "1,2";
				TEST_TARGET_NAME = CustomVisionProject;
			};
			name = Release;
		};
/* End XCBuildConfiguration section */

/* Begin XCConfigurationList section */
		7DCEFC682212FAEC00F59A37 /* Build configuration list for PBXProject "CustomVisionProject" */ = {
			isa = XCConfigurationList;
			buildConfigurations = (
				7DCEFC962212FAEF00F59A37 /* Debug */,
				7DCEFC972212FAEF00F59A37 /* Release */,
			);
			defaultConfigurationIsVisible = 0;
			defaultConfigurationName = Release;
		};
		7DCEFC982212FAEF00F59A37 /* Build configuration list for PBXNativeTarget "CustomVisionProject" */ = {
			isa = XCConfigurationList;
			buildConfigurations = (
				7DCEFC992212FAEF00F59A37 /* Debug */,
				7DCEFC9A2212FAEF00F59A37 /* Release */,
			);
			defaultConfigurationIsVisible = 0;
			defaultConfigurationName = Release;
		};
		7DCEFC9B2212FAEF00F59A37 /* Build configuration list for PBXNativeTarget "CustomVisionProjectTests" */ = {
			isa = XCConfigurationList;
			buildConfigurations = (
				7DCEFC9C2212FAEF00F59A37 /* Debug */,
				7DCEFC9D2212FAEF00F59A37 /* Release */,
			);
			defaultConfigurationIsVisible = 0;
			defaultConfigurationName = Release;
		};
		7DCEFC9E2212FAEF00F59A37 /* Build configuration list for PBXNativeTarget "CustomVisionProjectUITests" */ = {
			isa = XCConfigurationList;
			buildConfigurations = (
				7DCEFC9F2212FAEF00F59A37 /* Debug */,
				7DCEFCA02212FAEF00F59A37 /* Release */,
			);
			defaultConfigurationIsVisible = 0;
			defaultConfigurationName = Release;
		};
/* End XCConfigurationList section */

/* Begin XCVersionGroup section */
		7DCEFC772212FAEC00F59A37 /* CustomVisionProject.xcdatamodeld */ = {
			isa = XCVersionGroup;
			children = (
				7DCEFC782212FAEC00F59A37 /* CustomVisionProject.xcdatamodel */,
			);
			currentVersion = 7DCEFC782212FAEC00F59A37 /* CustomVisionProject.xcdatamodel */;
			path = CustomVisionProject.xcdatamodeld;
			sourceTree = "<group>";
			versionGroupType = wrapper.xcdatamodel;
		};
/* End XCVersionGroup section */
	};
	rootObject = 7DCEFC652212FAEC00F59A37 /* Project object */;
}
